
Microsoft Visual Studio Solution File, Format Version 12.00
# Visual Studio Version 17
VisualStudioVersion = 17.12.35521.163
MinimumVisualStudioVersion = 10.0.40219.1
Project("{2150E333-8FDC-42A3-9474-1A3956D46DE8}") = "Services", "Services", "{405B8955-B1BE-4EE4-B009-B41098D5A7FE}"
EndProject
Project("{2150E333-8FDC-42A3-9474-1A3956D46DE8}") = "Catalog", "Catalog", "{EF7EFBA6-27E8-4E90-B728-94D69DC896CF}"
EndProject
Project("{FAE04EC0-301F-11D3-BF4B-00C04F79EFBC}") = "Catalog.API", "Services\Catalog\Catalog.API\Catalog.API.csproj", "{4EA939A2-07FE-41BB-A3D9-820DE6F66ACA}"
EndProject
Project("{2150E333-8FDC-42A3-9474-1A3956D46DE8}") = "BuildingBlocks", "BuildingBlocks", "{F41D061F-E52E-462E-9D75-1DDFD4C66312}"
EndProject
Project("{FAE04EC0-301F-11D3-BF4B-00C04F79EFBC}") = "BuildingBlocks", "BuildingBlocks\BuildingBlocks\BuildingBlocks.csproj", "{468B3C8F-608F-44ED-9449-CFDAE543825B}"
EndProject
Project("{E53339B2-1760-4266-BCC7-CA923CBCF16C}") = "docker-compose", "docker-compose.dcproj", "{552F16B7-EC90-45DE-A308-2298A7C8D91F}"
EndProject
Global
	GlobalSection(SolutionConfigurationPlatforms) = preSolution
		Debug|Any CPU = Debug|Any CPU
		Release|Any CPU = Release|Any CPU
	EndGlobalSection
	GlobalSection(ProjectConfigurationPlatforms) = postSolution
		{4EA939A2-07FE-41BB-A3D9-820DE6F66ACA}.Debug|Any CPU.ActiveCfg = Debug|Any CPU
		{4EA939A2-07FE-41BB-A3D9-820DE6F66ACA}.Debug|Any CPU.Build.0 = Debug|Any CPU
		{4EA939A2-07FE-41BB-A3D9-820DE6F66ACA}.Release|Any CPU.ActiveCfg = Release|Any CPU
		{4EA939A2-07FE-41BB-A3D9-820DE6F66ACA}.Release|Any CPU.Build.0 = Release|Any CPU
		{468B3C8F-608F-44ED-9449-CFDAE543825B}.Debug|Any CPU.ActiveCfg = Debug|Any CPU
		{468B3C8F-608F-44ED-9449-CFDAE543825B}.Debug|Any CPU.Build.0 = Debug|Any CPU
		{468B3C8F-608F-44ED-9449-CFDAE543825B}.Release|Any CPU.ActiveCfg = Release|Any CPU
		{468B3C8F-608F-44ED-9449-CFDAE543825B}.Release|Any CPU.Build.0 = Release|Any CPU
		{552F16B7-EC90-45DE-A308-2298A7C8D91F}.Debug|Any CPU.ActiveCfg = Debug|Any CPU
		{552F16B7-EC90-45DE-A308-2298A7C8D91F}.Debug|Any CPU.Build.0 = Debug|Any CPU
		{552F16B7-EC90-45DE-A308-2298A7C8D91F}.Release|Any CPU.ActiveCfg = Release|Any CPU
		{552F16B7-EC90-45DE-A308-2298A7C8D91F}.Release|Any CPU.Build.0 = Release|Any CPU
	EndGlobalSection
	GlobalSection(SolutionProperties) = preSolution
		HideSolutionNode = FALSE
	EndGlobalSection
	GlobalSection(NestedProjects) = preSolution
		{EF7EFBA6-27E8-4E90-B728-94D69DC896CF} = {405B8955-B1BE-4EE4-B009-B41098D5A7FE}
		{4EA939A2-07FE-41BB-A3D9-820DE6F66ACA} = {EF7EFBA6-27E8-4E90-B728-94D69DC896CF}
		{468B3C8F-608F-44ED-9449-CFDAE543825B} = {F41D061F-E52E-462E-9D75-1DDFD4C66312}
	EndGlobalSection
EndGlobal
